// !$*UTF8*$!
{
	archiveVersion = 1;
	classes = {
	};
	objectVersion = 46;
	objects = {

		09A07455E48FE9F9AF96C0A1 = {isa = PBXBuildFile; fileRef = 16CE07431A5E54015828A1E6; };
		6157AAF24E8AD5F5F5E55A29 = {isa = PBXBuildFile; fileRef = 3DCCC8507DD6F543626AC8E9; };
		D183734E96CF789F67F75BEF = {isa = PBXBuildFile; fileRef = 08CDC79F02A5BF98C9BDFDC9; };
		0C564D21D1540C0D1ACCDA0F = {isa = PBXBuildFile; fileRef = 0A0916881A19E87FB4E4DC5D; };
		8A9DC3467347373CBE722DDD = {isa = PBXBuildFile; fileRef = 52E6E2F43807ABA04187BA96; };
		57550C7172D3CACB0E63EB08 = {isa = PBXBuildFile; fileRef = 4670589A58AA367A1B73B95C; };
		EF44EBD617C4C76BCCEFE274 = {isa = PBXBuildFile; fileRef = ACDEB53767A23A367DD64CB4; };
		2CD53AE33C09B8495C231BFD = {isa = PBXBuildFile; fileRef = A85C8ED9758BE88FFDC0D87A; };
		E31AC5F6EAEEC3DC4D58838F = {isa = PBXBuildFile; fileRef = FB2061B43AA012B08CBA0E66; };
		208DDDD7447A53CD932DB0C3 = {isa = PBXBuildFile; fileRef = C29E386F84C2F828308773B1; };
		576B38B5F749FEF1079C92F0 = {isa = PBXBuildFile; fileRef = 0F6B1380F222AE0ECB1A229A; };
		5DBFB9661531D5C2929799C7 = {isa = PBXBuildFile; fileRef = CB9AD7416120E4B17CBEA8B8; };
		C4E2FB797BA20E5560E0909B = {isa = PBXBuildFile; fileRef = 80273BEA1ED57B674C7D7193; };
		3FED48FE11186B6C7077C93B = {isa = PBXBuildFile; fileRef = 10E88FB77DFE8702E496428E; };
		72FB930FC102F81B6FF24576 = {isa = PBXBuildFile; fileRef = DF5EA0BE67374B38837A0EC4; };
		8DDE806B3C5B17C31B97A9C9 = {isa = PBXBuildFile; fileRef = C7E25DF3CADA5B684C9F2770; };
		77807615F5B394601C54DC70 = {isa = PBXBuildFile; fileRef = 4C5613E508BE9A003D155761; };
		2ECDBB921B02A5E016089D6B = {isa = PBXBuildFile; fileRef = 1A588FCA3F94CEE02FFB6D87; };
		B364A6BE9E7C7EA53717F0D8 = {isa = PBXBuildFile; fileRef = B5F565D456311DC938B93DD5; };
		758B42BA07F324B63C48C171 = {isa = PBXBuildFile; fileRef = F253609EB833737A266DADE6; };
		F9F4DB12AC9D765AD5F5C635 = {isa = PBXBuildFile; fileRef = F5544EA26F2C12DC385B16FD; };
		FA3E98ABC36D35FE450D6045 = {isa = PBXBuildFile; fileRef = F2F8362DD1460338375FBD48; };
		537A14660C29D6BA1C626737 = {isa = PBXBuildFile; fileRef = B9342B2DA93A6526FC849578; };
		63944B23C2409A3FB10B541A = {isa = PBXBuildFile; fileRef = 2104232F9CBD1FBCD5D2A821; };
		92D539088D52FA912EC79CE3 = {isa = PBXBuildFile; fileRef = 53673CF905D0E9328197845F; };
		F5899FA1D93C22EA9F71F8AD = {isa = PBXBuildFile; fileRef = A81BBA2591E35E56DC0E65BC; };
		2F27410418C16322604580C1 = {isa = PBXBuildFile; fileRef = FB8C4B9783F170D1AEF14D21; };
		BA52353815018CF69CF244C6 = {isa = PBXBuildFile; fileRef = 31D100DE1325941C57BFA4E4; };
		098206241F6D8D3D291C5E07 = {isa = PBXBuildFile; fileRef = 87D0BBBC6B752BDFA17610A4; };
		30DA72F31F088392F749CE69 = {isa = PBXBuildFile; fileRef = C0D75122AA49F671384DA3FC; };
		00AFD9A693948691B96FF938 = {isa = PBXBuildFile; fileRef = E5A23010B560FA635B7088D1; };
		F588057B30033E874B46186C = {isa = PBXBuildFile; fileRef = 26BC77770E5CFB33E8B17BB7; };
		5F4BCAE48CD48A65971B9554 = {isa = PBXBuildFile; fileRef = A6B69A2B660CE42053FF0A0F; };
		69840C2EA73296CEABB631FA = {isa = PBXBuildFile; fileRef = B0A3EF637E2E656358D1D800; };
		3D7470B89F56B909F56C6C5D = {isa = PBXBuildFile; fileRef = F9C5E4C4D8F995C91D7931C2; };
		87E478FB7270B0ACA05220DA = {isa = PBXBuildFile; fileRef = D1E5A7CC7424AE5EE3453814; };
		921E65F29CC5527240A2DA54 = {isa = PBXBuildFile; fileRef = B32B8CCD10719FD8D7763932; };
		B523B419C749D981A44BCA62 = {isa = PBXBuildFile; fileRef = A489757A5D5E937702FC4C5C; };
		396ACE333BFCA5A1723E3395 = {isa = PBXBuildFile; fileRef = 7461075FFA00FCC9E8799C78; };
		62329BD4D7FE4E832B418186 = {isa = PBXBuildFile; fileRef = F2D0BF8C36EF6FBD5B151629; };
		A7145D82794F7B5BC2058930 = {isa = PBXBuildFile; fileRef = 8157D7E97E25C0EDE85C899B; };
		02A5E99C61E81C612CBABCEC = {isa = PBXFileReference; lastKnownFileType = file; name = "juce_data_structures"; path = "../../../../../JUCE/modules/juce_data_structures"; sourceTree = "SOURCE_ROOT"; };
		08CDC79F02A5BF98C9BDFDC9 = {isa = PBXFileReference; lastKnownFileType = wrapper.framework; name = Accelerate.framework; path = System/Library/Frameworks/Accelerate.framework; sourceTree = SDKROOT; };
		09791ABC1A0D98F1D5A3DCC6 = {isa = PBXFileReference; lastKnownFileType = file; name = "juce_opengl"; path = "../../../../../JUCE/modules/juce_opengl"; sourceTree = "SOURCE_ROOT"; };
		0A0916881A19E87FB4E4DC5D = {isa = PBXFileReference; lastKnownFileType = wrapper.framework; name = AudioToolbox.framework; path = System/Library/Frameworks/AudioToolbox.framework; sourceTree = SDKROOT; };
		0F6B1380F222AE0ECB1A229A = {isa = PBXFileReference; lastKnownFileType = wrapper.framework; name = CoreAudioKit.framework; path = System/Library/Frameworks/CoreAudioKit.framework; sourceTree = SDKROOT; };
		10E88FB77DFE8702E496428E = {isa = PBXFileReference; lastKnownFileType = wrapper.framework; name = DiscRecording.framework; path = System/Library/Frameworks/DiscRecording.framework; sourceTree = SDKROOT; };
		16CE07431A5E54015828A1E6 = {isa = PBXFileReference; explicitFileType = wrapper.cfbundle; includeInIndex = 0; path = fmFM.component; sourceTree = "BUILT_PRODUCTS_DIR"; };
		1745358030BEE9B90D2AC7DB = {isa = PBXFileReference; lastKnownFileType = file; name = "juce_core"; path = "../../../../../JUCE/modules/juce_core"; sourceTree = "SOURCE_ROOT"; };
		1A588FCA3F94CEE02FFB6D87 = {isa = PBXFileReference; lastKnownFileType = wrapper.framework; name = WebKit.framework; path = System/Library/Frameworks/WebKit.framework; sourceTree = SDKROOT; };
		2104232F9CBD1FBCD5D2A821 = {isa = PBXFileReference; lastKnownFileType = sourcecode.cpp.objcpp; name = "include_juce_audio_devices.mm"; path = "../../JuceLibraryCode/include_juce_audio_devices.mm"; sourceTree = "SOURCE_ROOT"; };
		249B807414FFA557A468695C = {isa = PBXFileReference; lastKnownFileType = text.plist.xml; name = fmFM.entitlements; path = fmFM.entitlements; sourceTree = "SOURCE_ROOT"; };
		26BC77770E5CFB33E8B17BB7 = {isa = PBXFileReference; lastKnownFileType = sourcecode.cpp.objcpp; name = "include_juce_audio_utils.mm"; path = "../../JuceLibraryCode/include_juce_audio_utils.mm"; sourceTree = "SOURCE_ROOT"; };
		31D100DE1325941C57BFA4E4 = {isa = PBXFileReference; lastKnownFileType = sourcecode.cpp.objcpp; name = "include_juce_audio_plugin_client_AU_2.mm"; path = "../../JuceLibraryCode/include_juce_audio_plugin_client_AU_2.mm"; sourceTree = "SOURCE_ROOT"; };
		3DCCC8507DD6F543626AC8E9 = {isa = PBXFileReference; explicitFileType = archive.ar; includeInIndex = 0; path = libfmFM.a; sourceTree = "BUILT_PRODUCTS_DIR"; };
		43A54E94178B69FB925E7254 = {isa = PBXFileReference; lastKnownFileType = file; name = "juce_video"; path = "../../../../../JUCE/modules/juce_video"; sourceTree = "SOURCE_ROOT"; };
		4670589A58AA367A1B73B95C = {isa = PBXFileReference; lastKnownFileType = wrapper.framework; name = AVFoundation.framework; path = System/Library/Frameworks/AVFoundation.framework; sourceTree = SDKROOT; };
		4C5613E508BE9A003D155761 = {isa = PBXFileReference; lastKnownFileType = wrapper.framework; name = QuartzCore.framework; path = System/Library/Frameworks/QuartzCore.framework; sourceTree = SDKROOT; };
		52E6E2F43807ABA04187BA96 = {isa = PBXFileReference; lastKnownFileType = wrapper.framework; name = AudioUnit.framework; path = System/Library/Frameworks/AudioUnit.framework; sourceTree = SDKROOT; };
		53673CF905D0E9328197845F = {isa = PBXFileReference; lastKnownFileType = sourcecode.cpp.objcpp; name = "include_juce_audio_formats.mm"; path = "../../JuceLibraryCode/include_juce_audio_formats.mm"; sourceTree = "SOURCE_ROOT"; };
		64D5530E34DF4A4183D3EEA9 = {isa = PBXFileReference; lastKnownFileType = sourcecode.c.h; name = PluginEditor.h; path = ../../Source/PluginEditor.h; sourceTree = "SOURCE_ROOT"; };
		7461075FFA00FCC9E8799C78 = {isa = PBXFileReference; lastKnownFileType = sourcecode.cpp.objcpp; name = "include_juce_gui_extra.mm"; path = "../../JuceLibraryCode/include_juce_gui_extra.mm"; sourceTree = "SOURCE_ROOT"; };
		765E514DA3E9236BAFE8FB82 = {isa = PBXFileReference; lastKnownFileType = file; name = "juce_audio_plugin_client"; path = "../../../../../JUCE/modules/juce_audio_plugin_client"; sourceTree = "SOURCE_ROOT"; };
		7A2A08EE74B21E1415A56F93 = {isa = PBXFileReference; lastKnownFileType = sourcecode.c.h; name = PluginProcessor.h; path = ../../Source/PluginProcessor.h; sourceTree = "SOURCE_ROOT"; };
		7DC4D355B1B392FF914D38FC = {isa = PBXFileReference; lastKnownFileType = file; name = "juce_gui_extra"; path = "../../../../../JUCE/modules/juce_gui_extra"; sourceTree = "SOURCE_ROOT"; };
		7FADCFC335B47622A2603D77 = {isa = PBXFileReference; lastKnownFileType = file; name = "juce_gui_basics"; path = "../../../../../JUCE/modules/juce_gui_basics"; sourceTree = "SOURCE_ROOT"; };
		80273BEA1ED57B674C7D7193 = {isa = PBXFileReference; lastKnownFileType = wrapper.framework; name = CoreMIDI.framework; path = System/Library/Frameworks/CoreMIDI.framework; sourceTree = SDKROOT; };
		8157D7E97E25C0EDE85C899B = {isa = PBXFileReference; lastKnownFileType = sourcecode.cpp.objcpp; name = "include_juce_video.mm"; path = "../../JuceLibraryCode/include_juce_video.mm"; sourceTree = "SOURCE_ROOT"; };
		87D0BBBC6B752BDFA17610A4 = {isa = PBXFileReference; lastKnownFileType = sourcecode.cpp.cpp; name = "include_juce_audio_plugin_client_utils.cpp"; path = "../../JuceLibraryCode/include_juce_audio_plugin_client_utils.cpp"; sourceTree = "SOURCE_ROOT"; };
		8A43400BE0938AB385767544 = {isa = PBXFileReference; lastKnownFileType = sourcecode.c.h; name = RootComponent.h; path = ../../Source/RootComponent.h; sourceTree = "SOURCE_ROOT"; };
		8AEF9AADFC9E6ED80161E823 = {isa = PBXFileReference; lastKnownFileType = file; name = "juce_audio_devices"; path = "../../../../../JUCE/modules/juce_audio_devices"; sourceTree = "SOURCE_ROOT"; };
		93C251A34CFA1022B25E0DFE = {isa = PBXFileReference; lastKnownFileType = file; name = "juce_audio_formats"; path = "../../../../../JUCE/modules/juce_audio_formats"; sourceTree = "SOURCE_ROOT"; };
		9A205E07C4709C2ADF0DB16F = {isa = PBXFileReference; lastKnownFileType = file; name = "juce_audio_basics"; path = "../../../../../JUCE/modules/juce_audio_basics"; sourceTree = "SOURCE_ROOT"; };
		9AC0E86CC5522C4B43EDFE87 = {isa = PBXFileReference; lastKnownFileType = sourcecode.c.h; name = JuceHeader.h; path = ../../JuceLibraryCode/JuceHeader.h; sourceTree = "SOURCE_ROOT"; };
		9F0C9E60A6D184D29FDDC270 = {isa = PBXFileReference; lastKnownFileType = file; name = "juce_events"; path = "../../../../../JUCE/modules/juce_events"; sourceTree = "SOURCE_ROOT"; };
		A489757A5D5E937702FC4C5C = {isa = PBXFileReference; lastKnownFileType = sourcecode.cpp.objcpp; name = "include_juce_gui_basics.mm"; path = "../../JuceLibraryCode/include_juce_gui_basics.mm"; sourceTree = "SOURCE_ROOT"; };
		A6B69A2B660CE42053FF0A0F = {isa = PBXFileReference; lastKnownFileType = sourcecode.cpp.objcpp; name = "include_juce_core.mm"; path = "../../JuceLibraryCode/include_juce_core.mm"; sourceTree = "SOURCE_ROOT"; };
		A81BBA2591E35E56DC0E65BC = {isa = PBXFileReference; lastKnownFileType = file.r; name = "include_juce_audio_plugin_client_AU.r"; path = "../../JuceLibraryCode/include_juce_audio_plugin_client_AU.r"; sourceTree = "SOURCE_ROOT"; };
		A855D565340AB847E243A3F0 = {isa = PBXFileReference; lastKnownFileType = file; name = "juce_graphics"; path = "../../../../../JUCE/modules/juce_graphics"; sourceTree = "SOURCE_ROOT"; };
		A85C8ED9758BE88FFDC0D87A = {isa = PBXFileReference; lastKnownFileType = wrapper.framework; name = Carbon.framework; path = System/Library/Frameworks/Carbon.framework; sourceTree = SDKROOT; };
		ACDEB53767A23A367DD64CB4 = {isa = PBXFileReference; lastKnownFileType = wrapper.framework; name = AVKit.framework; path = System/Library/Frameworks/AVKit.framework; sourceTree = SDKROOT; };
		B0A3EF637E2E656358D1D800 = {isa = PBXFileReference; lastKnownFileType = sourcecode.cpp.objcpp; name = "include_juce_cryptography.mm"; path = "../../JuceLibraryCode/include_juce_cryptography.mm"; sourceTree = "SOURCE_ROOT"; };
		B32B8CCD10719FD8D7763932 = {isa = PBXFileReference; lastKnownFileType = sourcecode.cpp.objcpp; name = "include_juce_graphics.mm"; path = "../../JuceLibraryCode/include_juce_graphics.mm"; sourceTree = "SOURCE_ROOT"; };
		B5F565D456311DC938B93DD5 = {isa = PBXFileReference; lastKnownFileType = file.nib; name = RecentFilesMenuTemplate.nib; path = RecentFilesMenuTemplate.nib; sourceTree = "SOURCE_ROOT"; };
		B9342B2DA93A6526FC849578 = {isa = PBXFileReference; lastKnownFileType = sourcecode.cpp.objcpp; name = "include_juce_audio_basics.mm"; path = "../../JuceLibraryCode/include_juce_audio_basics.mm"; sourceTree = "SOURCE_ROOT"; };
		C0D75122AA49F671384DA3FC = {isa = PBXFileReference; lastKnownFileType = sourcecode.cpp.objcpp; name = "include_juce_audio_plugin_client_VST_utils.mm"; path = "../../JuceLibraryCode/include_juce_audio_plugin_client_VST_utils.mm"; sourceTree = "SOURCE_ROOT"; };
		C29E386F84C2F828308773B1 = {isa = PBXFileReference; lastKnownFileType = wrapper.framework; name = CoreAudio.framework; path = System/Library/Frameworks/CoreAudio.framework; sourceTree = SDKROOT; };
		C7E25DF3CADA5B684C9F2770 = {isa = PBXFileReference; lastKnownFileType = wrapper.framework; name = OpenGL.framework; path = System/Library/Frameworks/OpenGL.framework; sourceTree = SDKROOT; };
		CB9AD7416120E4B17CBEA8B8 = {isa = PBXFileReference; lastKnownFileType = wrapper.framework; name = CoreMedia.framework; path = System/Library/Frameworks/CoreMedia.framework; sourceTree = SDKROOT; };
		CF874341855061DAA8B82CE7 = {isa = PBXFileReference; lastKnownFileType = file; name = "juce_audio_processors"; path = "../../../../../JUCE/modules/juce_audio_processors"; sourceTree = "SOURCE_ROOT"; };
		D1E5A7CC7424AE5EE3453814 = {isa = PBXFileReference; lastKnownFileType = sourcecode.cpp.objcpp; name = "include_juce_events.mm"; path = "../../JuceLibraryCode/include_juce_events.mm"; sourceTree = "SOURCE_ROOT"; };
		D63D92D349A98F4F267DE722 = {isa = PBXFileReference; lastKnownFileType = text.plist.xml; name = "Info-AU.plist"; path = "Info-AU.plist"; sourceTree = "SOURCE_ROOT"; };
		DF5EA0BE67374B38837A0EC4 = {isa = PBXFileReference; lastKnownFileType = wrapper.framework; name = IOKit.framework; path = System/Library/Frameworks/IOKit.framework; sourceTree = SDKROOT; };
		E5A23010B560FA635B7088D1 = {isa = PBXFileReference; lastKnownFileType = sourcecode.cpp.objcpp; name = "include_juce_audio_processors.mm"; path = "../../JuceLibraryCode/include_juce_audio_processors.mm"; sourceTree = "SOURCE_ROOT"; };
		EDDDEC331EDDCEC9F72C4B42 = {isa = PBXFileReference; lastKnownFileType = file; name = "juce_audio_utils"; path = "../../../../../JUCE/modules/juce_audio_utils"; sourceTree = "SOURCE_ROOT"; };
		F253609EB833737A266DADE6 = {isa = PBXFileReference; lastKnownFileType = sourcecode.cpp.cpp; name = RootComponent.cpp; path = ../../Source/RootComponent.cpp; sourceTree = "SOURCE_ROOT"; };
		F2B248915C875765FD633946 = {isa = PBXFileReference; lastKnownFileType = sourcecode.c.h; name = AppConfig.h; path = ../../JuceLibraryCode/AppConfig.h; sourceTree = "SOURCE_ROOT"; };
		F2D0BF8C36EF6FBD5B151629 = {isa = PBXFileReference; lastKnownFileType = sourcecode.cpp.objcpp; name = "include_juce_opengl.mm"; path = "../../JuceLibraryCode/include_juce_opengl.mm"; sourceTree = "SOURCE_ROOT"; };
		F2F8362DD1460338375FBD48 = {isa = PBXFileReference; lastKnownFileType = sourcecode.cpp.cpp; name = PluginEditor.cpp; path = ../../Source/PluginEditor.cpp; sourceTree = "SOURCE_ROOT"; };
		F5544EA26F2C12DC385B16FD = {isa = PBXFileReference; lastKnownFileType = sourcecode.cpp.cpp; name = PluginProcessor.cpp; path = ../../Source/PluginProcessor.cpp; sourceTree = "SOURCE_ROOT"; };
		F9C5E4C4D8F995C91D7931C2 = {isa = PBXFileReference; lastKnownFileType = sourcecode.cpp.objcpp; name = "include_juce_data_structures.mm"; path = "../../JuceLibraryCode/include_juce_data_structures.mm"; sourceTree = "SOURCE_ROOT"; };
		FA34750668B9A3C2754C5572 = {isa = PBXFileReference; lastKnownFileType = file; name = "juce_cryptography"; path = "../../../../../JUCE/modules/juce_cryptography"; sourceTree = "SOURCE_ROOT"; };
		FB2061B43AA012B08CBA0E66 = {isa = PBXFileReference; lastKnownFileType = wrapper.framework; name = Cocoa.framework; path = System/Library/Frameworks/Cocoa.framework; sourceTree = SDKROOT; };
		FB8C4B9783F170D1AEF14D21 = {isa = PBXFileReference; lastKnownFileType = sourcecode.cpp.objcpp; name = "include_juce_audio_plugin_client_AU_1.mm"; path = "../../JuceLibraryCode/include_juce_audio_plugin_client_AU_1.mm"; sourceTree = "SOURCE_ROOT"; };
		E6DC69885026AC6FB97FDB39 = {isa = PBXGroup; children = (
					F253609EB833737A266DADE6,
					8A43400BE0938AB385767544,
					F5544EA26F2C12DC385B16FD,
					7A2A08EE74B21E1415A56F93,
					F2F8362DD1460338375FBD48,
					64D5530E34DF4A4183D3EEA9, ); name = Source; sourceTree = "<group>"; };
		A3EED8CF7CDD04782F34D090 = {isa = PBXGroup; children = (
					E6DC69885026AC6FB97FDB39, ); name = fmFM; sourceTree = "<group>"; };
		63EC5AA11B6335F8EB41D9C9 = {isa = PBXGroup; children = (
					9A205E07C4709C2ADF0DB16F,
					8AEF9AADFC9E6ED80161E823,
					93C251A34CFA1022B25E0DFE,
					765E514DA3E9236BAFE8FB82,
					CF874341855061DAA8B82CE7,
					EDDDEC331EDDCEC9F72C4B42,
					1745358030BEE9B90D2AC7DB,
					FA34750668B9A3C2754C5572,
					02A5E99C61E81C612CBABCEC,
					9F0C9E60A6D184D29FDDC270,
					A855D565340AB847E243A3F0,
					7FADCFC335B47622A2603D77,
					7DC4D355B1B392FF914D38FC,
					09791ABC1A0D98F1D5A3DCC6,
					43A54E94178B69FB925E7254, ); name = "JUCE Modules"; sourceTree = "<group>"; };
		3B03ED4655EF6E08F8CD860C = {isa = PBXGroup; children = (
					F2B248915C875765FD633946,
					B9342B2DA93A6526FC849578,
					2104232F9CBD1FBCD5D2A821,
					53673CF905D0E9328197845F,
					A81BBA2591E35E56DC0E65BC,
					FB8C4B9783F170D1AEF14D21,
					31D100DE1325941C57BFA4E4,
					87D0BBBC6B752BDFA17610A4,
					C0D75122AA49F671384DA3FC,
					E5A23010B560FA635B7088D1,
					26BC77770E5CFB33E8B17BB7,
					A6B69A2B660CE42053FF0A0F,
					B0A3EF637E2E656358D1D800,
					F9C5E4C4D8F995C91D7931C2,
					D1E5A7CC7424AE5EE3453814,
					B32B8CCD10719FD8D7763932,
					A489757A5D5E937702FC4C5C,
					7461075FFA00FCC9E8799C78,
					F2D0BF8C36EF6FBD5B151629,
					8157D7E97E25C0EDE85C899B,
					9AC0E86CC5522C4B43EDFE87, ); name = "JUCE Library Code"; sourceTree = "<group>"; };
		CA1B7DDF73B351E255846047 = {isa = PBXGroup; children = (
					D63D92D349A98F4F267DE722,
					B5F565D456311DC938B93DD5, ); name = Resources; sourceTree = "<group>"; };
		879443FEA1665E9B781F34DF = {isa = PBXGroup; children = (
					08CDC79F02A5BF98C9BDFDC9,
					0A0916881A19E87FB4E4DC5D,
					52E6E2F43807ABA04187BA96,
					4670589A58AA367A1B73B95C,
					ACDEB53767A23A367DD64CB4,
					A85C8ED9758BE88FFDC0D87A,
					FB2061B43AA012B08CBA0E66,
					C29E386F84C2F828308773B1,
					0F6B1380F222AE0ECB1A229A,
					CB9AD7416120E4B17CBEA8B8,
					80273BEA1ED57B674C7D7193,
					10E88FB77DFE8702E496428E,
					DF5EA0BE67374B38837A0EC4,
					C7E25DF3CADA5B684C9F2770,
					4C5613E508BE9A003D155761,
					1A588FCA3F94CEE02FFB6D87, ); name = Frameworks; sourceTree = "<group>"; };
		361F67D38C8601D78EDECB41 = {isa = PBXGroup; children = (
					16CE07431A5E54015828A1E6,
					3DCCC8507DD6F543626AC8E9, ); name = Products; sourceTree = "<group>"; };
		8D4619D5050884AB858AB208 = {isa = PBXGroup; children = (
					249B807414FFA557A468695C,
					A3EED8CF7CDD04782F34D090,
					63EC5AA11B6335F8EB41D9C9,
					3B03ED4655EF6E08F8CD860C,
					CA1B7DDF73B351E255846047,
					879443FEA1665E9B781F34DF,
					361F67D38C8601D78EDECB41, ); name = Source; sourceTree = "<group>"; };
		15A5389CB908B1E356B717D2 = {isa = XCBuildConfiguration; buildSettings = {
				MACOSX_DEPLOYMENT_TARGET = 10.11; }; name = Debug; };
		0BC324A4EE6556F852307BF2 = {isa = XCBuildConfiguration; buildSettings = {
				MACOSX_DEPLOYMENT_TARGET = 10.11; }; name = Release; };
		F801FC9F26CBEDC9100C0B85 = {isa = XCBuildConfiguration; buildSettings = {
				CLANG_CXX_LANGUAGE_STANDARD = "c++14";
				CLANG_LINK_OBJC_RUNTIME = NO;
				COMBINE_HIDPI_IMAGES = YES;
				CONFIGURATION_BUILD_DIR = "$(PROJECT_DIR)/build/$(CONFIGURATION)";
				COPY_PHASE_STRIP = NO;
				DEPLOYMENT_LOCATION = YES;
				DSTROOT = /;
				GCC_DYNAMIC_NO_PIC = NO;
				GCC_OPTIMIZATION_LEVEL = 0;
				GCC_PREPROCESSOR_DEFINITIONS = (
					"_DEBUG=1",
					"DEBUG=1",
					"JUCER_XCODE_MAC_F6D2F4CF=1",
					"JUCE_APP_VERSION=1.0.0",
					"JUCE_APP_VERSION_HEX=0x10000",
					"JucePlugin_Build_VST=0",
					"JucePlugin_Build_VST3=0",
					"JucePlugin_Build_AU=1",
					"JucePlugin_Build_AUv3=0",
					"JucePlugin_Build_RTAS=0",
					"JucePlugin_Build_AAX=0",
					"JucePlugin_Build_Standalone=0", );
				GCC_VERSION = com.apple.compilers.llvm.clang.1_0;
				GENERATE_PKGINFO_FILE = YES;
				HEADER_SEARCH_PATHS = ("../../JuceLibraryCode", "../../../../../JUCE/modules", "../../../../../JUCE/modules/juce_audio_plugin_client", "$(inherited)");
				INFOPLIST_FILE = Info-AU.plist;
				INFOPLIST_PREPROCESS = NO;
				INSTALL_PATH = "$(HOME)/Library/Audio/Plug-Ins/Components/";
				LIBRARY_STYLE = Bundle;
				MACOSX_DEPLOYMENT_TARGET = 10.11;
				MACOSX_DEPLOYMENT_TARGET_ppc = 10.4;
				OTHER_LDFLAGS = "-bundle -lfmFM";
				OTHER_REZFLAGS = "-d ppc_$ppc -d i386_$i386 -d ppc64_$ppc64 -d x86_64_$x86_64 -I /System/Library/Frameworks/CoreServices.framework/Frameworks/CarbonCore.framework/Versions/A/Headers -I \"$(DEVELOPER_DIR)/Extras/CoreAudio/AudioUnits/AUPublic/AUBase\"";
				PRODUCT_BUNDLE_IDENTIFIER = net.mersenne-sister.fmfm;
				SDKROOT_ppc = macosx10.5;
				USE_HEADERMAP = NO;
				WRAPPER_EXTENSION = component; }; name = Debug; };
		CEF7FE292D07A2C86E9BB0B6 = {isa = XCBuildConfiguration; buildSettings = {
				CLANG_CXX_LANGUAGE_STANDARD = "c++14";
				CLANG_LINK_OBJC_RUNTIME = NO;
				COMBINE_HIDPI_IMAGES = YES;
				CONFIGURATION_BUILD_DIR = "$(PROJECT_DIR)/build/$(CONFIGURATION)";
				DEAD_CODE_STRIPPING = YES;
				DEPLOYMENT_LOCATION = YES;
				DSTROOT = /;
				GCC_GENERATE_DEBUGGING_SYMBOLS = NO;
				GCC_OPTIMIZATION_LEVEL = 3;
				GCC_PREPROCESSOR_DEFINITIONS = (
					"_NDEBUG=1",
					"NDEBUG=1",
					"JUCER_XCODE_MAC_F6D2F4CF=1",
					"JUCE_APP_VERSION=1.0.0",
					"JUCE_APP_VERSION_HEX=0x10000",
					"JucePlugin_Build_VST=0",
					"JucePlugin_Build_VST3=0",
					"JucePlugin_Build_AU=1",
					"JucePlugin_Build_AUv3=0",
					"JucePlugin_Build_RTAS=0",
					"JucePlugin_Build_AAX=0",
					"JucePlugin_Build_Standalone=0", );
				GCC_SYMBOLS_PRIVATE_EXTERN = YES;
				GCC_VERSION = com.apple.compilers.llvm.clang.1_0;
				GENERATE_PKGINFO_FILE = YES;
				HEADER_SEARCH_PATHS = ("../../JuceLibraryCode", "../../../../../JUCE/modules", "../../../../../JUCE/modules/juce_audio_plugin_client", "$(inherited)");
				INFOPLIST_FILE = Info-AU.plist;
				INFOPLIST_PREPROCESS = NO;
				INSTALL_PATH = "$(HOME)/Library/Audio/Plug-Ins/Components/";
				LIBRARY_STYLE = Bundle;
				LLVM_LTO = YES;
				MACOSX_DEPLOYMENT_TARGET = 10.11;
				MACOSX_DEPLOYMENT_TARGET_ppc = 10.4;
				OTHER_LDFLAGS = "-bundle -lfmFM";
				OTHER_REZFLAGS = "-d ppc_$ppc -d i386_$i386 -d ppc64_$ppc64 -d x86_64_$x86_64 -I /System/Library/Frameworks/CoreServices.framework/Frameworks/CarbonCore.framework/Versions/A/Headers -I \"$(DEVELOPER_DIR)/Extras/CoreAudio/AudioUnits/AUPublic/AUBase\"";
				PRODUCT_BUNDLE_IDENTIFIER = net.mersenne-sister.fmfm;
				SDKROOT_ppc = macosx10.5;
				USE_HEADERMAP = NO;
				WRAPPER_EXTENSION = component; }; name = Release; };
		43D73A1D050309B99B87651C = {isa = XCBuildConfiguration; buildSettings = {
				CLANG_CXX_LANGUAGE_STANDARD = "c++14";
				CLANG_LINK_OBJC_RUNTIME = NO;
				COMBINE_HIDPI_IMAGES = YES;
				CONFIGURATION_BUILD_DIR = "$(PROJECT_DIR)/build/$(CONFIGURATION)";
				COPY_PHASE_STRIP = NO;
				GCC_DYNAMIC_NO_PIC = NO;
				GCC_OPTIMIZATION_LEVEL = 0;
				GCC_PREPROCESSOR_DEFINITIONS = (
					"_DEBUG=1",
					"DEBUG=1",
					"JUCER_XCODE_MAC_F6D2F4CF=1",
					"JUCE_APP_VERSION=1.0.0",
					"JUCE_APP_VERSION_HEX=0x10000",
					"JucePlugin_Build_VST=0",
					"JucePlugin_Build_VST3=0",
					"JucePlugin_Build_AU=1",
					"JucePlugin_Build_AUv3=0",
					"JucePlugin_Build_RTAS=0",
					"JucePlugin_Build_AAX=0",
					"JucePlugin_Build_Standalone=0",
					"JUCE_SHARED_CODE=1", );
				GCC_VERSION = com.apple.compilers.llvm.clang.1_0;
				HEADER_SEARCH_PATHS = ("../../JuceLibraryCode", "../../../../../JUCE/modules", "../../../../../JUCE/modules/juce_audio_plugin_client", "$(inherited)");
				INSTALL_PATH = "@executable_path/../Frameworks";
				MACOSX_DEPLOYMENT_TARGET = 10.11;
				MACOSX_DEPLOYMENT_TARGET_ppc = 10.4;
				PRODUCT_BUNDLE_IDENTIFIER = net.mersenne-sister.fmfm;
				SDKROOT_ppc = macosx10.5;
				USE_HEADERMAP = NO; }; name = Debug; };
		F21E1E6E70711AD4D479B34D = {isa = XCBuildConfiguration; buildSettings = {
				CLANG_CXX_LANGUAGE_STANDARD = "c++14";
				CLANG_LINK_OBJC_RUNTIME = NO;
				COMBINE_HIDPI_IMAGES = YES;
				CONFIGURATION_BUILD_DIR = "$(PROJECT_DIR)/build/$(CONFIGURATION)";
				DEAD_CODE_STRIPPING = YES;
				GCC_GENERATE_DEBUGGING_SYMBOLS = NO;
				GCC_OPTIMIZATION_LEVEL = 3;
				GCC_PREPROCESSOR_DEFINITIONS = (
					"_NDEBUG=1",
					"NDEBUG=1",
					"JUCER_XCODE_MAC_F6D2F4CF=1",
					"JUCE_APP_VERSION=1.0.0",
					"JUCE_APP_VERSION_HEX=0x10000",
					"JucePlugin_Build_VST=0",
					"JucePlugin_Build_VST3=0",
					"JucePlugin_Build_AU=1",
					"JucePlugin_Build_AUv3=0",
					"JucePlugin_Build_RTAS=0",
					"JucePlugin_Build_AAX=0",
					"JucePlugin_Build_Standalone=0",
					"JUCE_SHARED_CODE=1", );
				GCC_SYMBOLS_PRIVATE_EXTERN = YES;
				GCC_VERSION = com.apple.compilers.llvm.clang.1_0;
				HEADER_SEARCH_PATHS = ("../../JuceLibraryCode", "../../../../../JUCE/modules", "../../../../../JUCE/modules/juce_audio_plugin_client", "$(inherited)");
				INSTALL_PATH = "@executable_path/../Frameworks";
				LLVM_LTO = YES;
				MACOSX_DEPLOYMENT_TARGET = 10.11;
				MACOSX_DEPLOYMENT_TARGET_ppc = 10.4;
				PRODUCT_BUNDLE_IDENTIFIER = net.mersenne-sister.fmfm;
				SDKROOT_ppc = macosx10.5;
				USE_HEADERMAP = NO; }; name = Release; };
		C8B52BBF087A1A721B261BC9 = {isa = XCBuildConfiguration; buildSettings = {
				ALWAYS_SEARCH_USER_PATHS = NO;
				CLANG_WARN_BLOCK_CAPTURE_AUTORELEASING = YES;
				CLANG_WARN_BOOL_CONVERSION = YES;
				CLANG_WARN_COMMA = YES;
				CLANG_WARN_CONSTANT_CONVERSION = YES;
				CLANG_WARN_EMPTY_BODY = YES;
				CLANG_WARN_ENUM_CONVERSION = YES;
				CLANG_WARN_INFINITE_RECURSION = YES;
				CLANG_WARN_INT_CONVERSION = YES;
				CLANG_WARN_NON_LITERAL_NULL_CONVERSION = YES;
				CLANG_WARN_OBJC_LITERAL_CONVERSION = YES;
				CLANG_WARN_RANGE_LOOP_ANALYSIS = YES;
				CLANG_WARN_STRICT_PROTOTYPES = YES;
				CLANG_WARN_SUSPICIOUS_MOVE = YES;
				CLANG_WARN_UNREACHABLE_CODE = YES;
				CLANG_WARN__DUPLICATE_METHOD_MATCH = YES;
				DEBUG_INFORMATION_FORMAT = "dwarf";
				ENABLE_STRICT_OBJC_MSGSEND = YES;
				ENABLE_TESTABILITY = YES;
				GCC_C_LANGUAGE_STANDARD = c11;
				GCC_INLINES_ARE_PRIVATE_EXTERN = YES;
				GCC_MODEL_TUNING = G5;
				GCC_NO_COMMON_BLOCKS = YES;
				GCC_WARN_64_TO_32_BIT_CONVERSION = YES;
				GCC_WARN_ABOUT_RETURN_TYPE = YES;
				GCC_WARN_CHECK_SWITCH_STATEMENTS = YES;
				GCC_WARN_MISSING_PARENTHESES = YES;
				GCC_WARN_NON_VIRTUAL_DESTRUCTOR = YES;
				GCC_WARN_TYPECHECK_CALLS_TO_PRINTF = YES;
				GCC_WARN_UNDECLARED_SELECTOR = YES;
				GCC_WARN_UNINITIALIZED_AUTOS = YES;
				GCC_WARN_UNUSED_FUNCTION = YES;
				GCC_WARN_UNUSED_VARIABLE = YES;
				ONLY_ACTIVE_ARCH = YES;
				PRODUCT_NAME = "fmFM";
				WARNING_CFLAGS = -Wreorder;
				ZERO_LINK = NO; }; name = Debug; };
		54E7EB75C000CA69401EAF65 = {isa = XCBuildConfiguration; buildSettings = {
				ALWAYS_SEARCH_USER_PATHS = NO;
				CLANG_WARN_BLOCK_CAPTURE_AUTORELEASING = YES;
				CLANG_WARN_BOOL_CONVERSION = YES;
				CLANG_WARN_COMMA = YES;
				CLANG_WARN_CONSTANT_CONVERSION = YES;
				CLANG_WARN_EMPTY_BODY = YES;
				CLANG_WARN_ENUM_CONVERSION = YES;
				CLANG_WARN_INFINITE_RECURSION = YES;
				CLANG_WARN_INT_CONVERSION = YES;
				CLANG_WARN_NON_LITERAL_NULL_CONVERSION = YES;
				CLANG_WARN_OBJC_LITERAL_CONVERSION = YES;
				CLANG_WARN_RANGE_LOOP_ANALYSIS = YES;
				CLANG_WARN_STRICT_PROTOTYPES = YES;
				CLANG_WARN_SUSPICIOUS_MOVE = YES;
				CLANG_WARN_UNREACHABLE_CODE = YES;
				CLANG_WARN__DUPLICATE_METHOD_MATCH = YES;
				DEBUG_INFORMATION_FORMAT = "dwarf";
				ENABLE_STRICT_OBJC_MSGSEND = YES;
				GCC_C_LANGUAGE_STANDARD = c11;
				GCC_INLINES_ARE_PRIVATE_EXTERN = YES;
				GCC_MODEL_TUNING = G5;
				GCC_NO_COMMON_BLOCKS = YES;
				GCC_WARN_64_TO_32_BIT_CONVERSION = YES;
				GCC_WARN_ABOUT_RETURN_TYPE = YES;
				GCC_WARN_CHECK_SWITCH_STATEMENTS = YES;
				GCC_WARN_MISSING_PARENTHESES = YES;
				GCC_WARN_NON_VIRTUAL_DESTRUCTOR = YES;
				GCC_WARN_TYPECHECK_CALLS_TO_PRINTF = YES;
				GCC_WARN_UNDECLARED_SELECTOR = YES;
				GCC_WARN_UNINITIALIZED_AUTOS = YES;
				GCC_WARN_UNUSED_FUNCTION = YES;
				GCC_WARN_UNUSED_VARIABLE = YES;
				PRODUCT_NAME = "fmFM";
				WARNING_CFLAGS = -Wreorder;
				ZERO_LINK = NO; }; name = Release; };
		99B7FE597E1A2123BB45D0AA = {isa = PBXTargetDependency; target = CCAFCF14CDEE3FCC3FBBED34; };
		A27BE053CC7B0FE144281D23 = {isa = PBXTargetDependency; target = E8087B8F85A0B32608735A05; };
		CE11EC5868DED6D9693E8BC5 = {isa = XCConfigurationList; buildConfigurations = (
					C8B52BBF087A1A721B261BC9,
					54E7EB75C000CA69401EAF65, ); defaultConfigurationIsVisible = 0; defaultConfigurationName = Debug; };
		83F68513E5F631CD4EFCE7B8 = {isa = XCConfigurationList; buildConfigurations = (
					15A5389CB908B1E356B717D2,
					0BC324A4EE6556F852307BF2, ); defaultConfigurationIsVisible = 0; defaultConfigurationName = Debug; };
		00B8F167410279999DC44964 = {isa = PBXAggregateTarget; buildConfigurationList = 83F68513E5F631CD4EFCE7B8; buildPhases = (  ); buildRules = ( ); dependencies = (
					99B7FE597E1A2123BB45D0AA,
					A27BE053CC7B0FE144281D23, ); name = "fmFM - All"; productName = fmFM; };
		6581353E5CD96D1F187776D3 = {isa = XCConfigurationList; buildConfigurations = (
					F801FC9F26CBEDC9100C0B85,
					CEF7FE292D07A2C86E9BB0B6, ); defaultConfigurationIsVisible = 0; defaultConfigurationName = Debug; };
		A90BC39FE90C992E8FE63F68 = {isa = PBXResourcesBuildPhase; buildActionMask = 2147483647; files = (
					B364A6BE9E7C7EA53717F0D8, ); runOnlyForDeploymentPostprocessing = 0; };
		E994959DEC47F0907B95AED7 = {isa = PBXRezBuildPhase; buildActionMask = 2147483647; files = (
					F5899FA1D93C22EA9F71F8AD, ); runOnlyForDeploymentPostprocessing = 0; };
		1F75118DEC76388763375815 = {isa = PBXSourcesBuildPhase; buildActionMask = 2147483647; files = (
					2F27410418C16322604580C1,
					BA52353815018CF69CF244C6, ); runOnlyForDeploymentPostprocessing = 0; };
		85CDE01ABC0787908E649C03 = {isa = PBXFrameworksBuildPhase; buildActionMask = 2147483647; files = (
					D183734E96CF789F67F75BEF,
					0C564D21D1540C0D1ACCDA0F,
					8A9DC3467347373CBE722DDD,
					57550C7172D3CACB0E63EB08,
					EF44EBD617C4C76BCCEFE274,
					2CD53AE33C09B8495C231BFD,
					E31AC5F6EAEEC3DC4D58838F,
					208DDDD7447A53CD932DB0C3,
					576B38B5F749FEF1079C92F0,
					5DBFB9661531D5C2929799C7,
					C4E2FB797BA20E5560E0909B,
					3FED48FE11186B6C7077C93B,
					72FB930FC102F81B6FF24576,
					8DDE806B3C5B17C31B97A9C9,
					77807615F5B394601C54DC70,
					2ECDBB921B02A5E016089D6B, ); runOnlyForDeploymentPostprocessing = 0; };
		CCAFCF14CDEE3FCC3FBBED34 = {isa = PBXNativeTarget; buildConfigurationList = 6581353E5CD96D1F187776D3; buildPhases = (
					A90BC39FE90C992E8FE63F68,
					E994959DEC47F0907B95AED7,
					1F75118DEC76388763375815,
					85CDE01ABC0787908E649C03, ); buildRules = ( ); dependencies = (
					A27BE053CC7B0FE144281D23, ); name = "fmFM - AU"; productName = fmFM; productReference = 16CE07431A5E54015828A1E6; productType = "com.apple.product-type.bundle"; };
		EBF4E936FBA4164D78A18127 = {isa = XCConfigurationList; buildConfigurations = (
					43D73A1D050309B99B87651C,
					F21E1E6E70711AD4D479B34D, ); defaultConfigurationIsVisible = 0; defaultConfigurationName = Debug; };
		637F46114EFE38DC0D749746 = {isa = PBXSourcesBuildPhase; buildActionMask = 2147483647; files = (
					758B42BA07F324B63C48C171,
					F9F4DB12AC9D765AD5F5C635,
					FA3E98ABC36D35FE450D6045,
					537A14660C29D6BA1C626737,
					63944B23C2409A3FB10B541A,
					92D539088D52FA912EC79CE3,
					098206241F6D8D3D291C5E07,
					30DA72F31F088392F749CE69,
					00AFD9A693948691B96FF938,
					F588057B30033E874B46186C,
					5F4BCAE48CD48A65971B9554,
					69840C2EA73296CEABB631FA,
					3D7470B89F56B909F56C6C5D,
					87E478FB7270B0ACA05220DA,
					921E65F29CC5527240A2DA54,
					B523B419C749D981A44BCA62,
					396ACE333BFCA5A1723E3395,
					62329BD4D7FE4E832B418186,
					A7145D82794F7B5BC2058930, ); runOnlyForDeploymentPostprocessing = 0; };
		E8087B8F85A0B32608735A05 = {isa = PBXNativeTarget; buildConfigurationList = EBF4E936FBA4164D78A18127; buildPhases = (
					637F46114EFE38DC0D749746, ); buildRules = ( ); dependencies = (  ); name = "fmFM - Shared Code"; productName = fmFM; productReference = 3DCCC8507DD6F543626AC8E9; productType = "com.apple.product-type.library.static"; };
		BAED0D6EED11BBB4899E910F = {isa = PBXProject; buildConfigurationList = CE11EC5868DED6D9693E8BC5; attributes = { LastUpgradeCheck = 0830; ORGANIZATIONNAME = "Mersenne Sister"; TargetAttributes = { 00B8F167410279999DC44964 = { SystemCapabilities = {com.apple.ApplicationGroups.iOS = { enabled = 0; }; com.apple.InAppPurchase = { enabled = 0; }; com.apple.InterAppAudio = { enabled = 0; }; com.apple.Push = { enabled = 0; }; com.apple.Sandbox = { enabled = 0; }; }; };CCAFCF14CDEE3FCC3FBBED34 = { SystemCapabilities = {com.apple.ApplicationGroups.iOS = { enabled = 0; }; com.apple.InAppPurchase = { enabled = 0; }; com.apple.InterAppAudio = { enabled = 0; }; com.apple.Push = { enabled = 0; }; com.apple.Sandbox = { enabled = 0; }; }; };E8087B8F85A0B32608735A05 = { SystemCapabilities = {com.apple.ApplicationGroups.iOS = { enabled = 0; }; com.apple.InAppPurchase = { enabled = 0; }; com.apple.InterAppAudio = { enabled = 0; }; com.apple.Push = { enabled = 0; }; com.apple.Sandbox = { enabled = 0; }; }; }; }; }; compatibilityVersion = "Xcode 3.2"; hasScannedForEncodings = 0; mainGroup = 8D4619D5050884AB858AB208; projectDirPath = ""; projectRoot = ""; targets = (00B8F167410279999DC44964, CCAFCF14CDEE3FCC3FBBED34, E8087B8F85A0B32608735A05); };
	};
	rootObject = BAED0D6EED11BBB4899E910F;
}
